
Microsoft Visual Studio Solution File, Format Version 12.00
# Visual Studio Version 16
Project("{2150E333-8FDC-42A3-9474-1A3956D46DE8}") = "CMakePredefinedTargets", "CMakePredefinedTargets", "{10BB4884-B27D-396F-B3C3-CCAAF84FA2B7}"
EndProject
Project("{2150E333-8FDC-42A3-9474-1A3956D46DE8}") = "External", "External", "{67715F21-B063-322F-81BB-1D0DA3F1BEBA}"
EndProject
Project("{2150E333-8FDC-42A3-9474-1A3956D46DE8}") = "Internal", "Internal", "{8265172E-4D6B-3B94-A216-CDEFDE68E451}"
EndProject
Project("{2150E333-8FDC-42A3-9474-1A3956D46DE8}") = "Utils", "Utils", "{3639FA2D-AEFE-347E-9C31-45EC8E289B92}"
EndProject
Project("{8BC9CEB8-8B4A-11D0-8D11-00A0C91BC942}") = "ALL_BUILD", "ALL_BUILD.vcxproj", "{F39F970C-ABEC-347B-886F-D8ABB7FD5A28}"
	ProjectSection(ProjectDependencies) = postProject
		{5B2B045B-3CD4-3A1E-93BE-0639F43E0D35} = {5B2B045B-3CD4-3A1E-93BE-0639F43E0D35}
		{7ECAB76D-87B5-31DB-84C9-38626B9BF48A} = {7ECAB76D-87B5-31DB-84C9-38626B9BF48A}
		{6F30651D-82A8-3A27-AE86-2BFB0C577A8C} = {6F30651D-82A8-3A27-AE86-2BFB0C577A8C}
		{6313A6A3-F51A-3BB2-AC34-B41A240A4DBF} = {6313A6A3-F51A-3BB2-AC34-B41A240A4DBF}
		{65DEC0D8-D4DD-3D23-8BD1-DC6DF2915698} = {65DEC0D8-D4DD-3D23-8BD1-DC6DF2915698}
		{EDB7F02D-BF89-388C-B031-153DA0135109} = {EDB7F02D-BF89-388C-B031-153DA0135109}
		{9EAC0028-0B74-3623-A17D-32B9977C7B08} = {9EAC0028-0B74-3623-A17D-32B9977C7B08}
		{3489E53D-7E59-3C65-9983-A47D17ABD105} = {3489E53D-7E59-3C65-9983-A47D17ABD105}
		{06A12CFE-FC4D-3C43-A4BD-D52CECDF3172} = {06A12CFE-FC4D-3C43-A4BD-D52CECDF3172}
		{3306B26B-1DA9-3AC1-AF5E-7029F86D8465} = {3306B26B-1DA9-3AC1-AF5E-7029F86D8465}
		{34117B98-48C2-38DB-B5A7-25BB15F75C84} = {34117B98-48C2-38DB-B5A7-25BB15F75C84}
		{367F20E5-34A5-34C2-B853-6F5EEDD32179} = {367F20E5-34A5-34C2-B853-6F5EEDD32179}
		{EA8EC042-7345-33A5-BB2C-3D9F93590BBF} = {EA8EC042-7345-33A5-BB2C-3D9F93590BBF}
		{FC21EE2A-CEB2-3971-95B9-1E3912EAEBFF} = {FC21EE2A-CEB2-3971-95B9-1E3912EAEBFF}
		{0AA3255B-C7C0-3D95-876D-55D323C0AE17} = {0AA3255B-C7C0-3D95-876D-55D323C0AE17}
	EndProjectSection
EndProject
Project("{8BC9CEB8-8B4A-11D0-8D11-00A0C91BC942}") = "SYNC_RESOURCE-flappyBirdProject", "SYNC_RESOURCE-flappyBirdProject.vcxproj", "{5B2B045B-3CD4-3A1E-93BE-0639F43E0D35}"
	ProjectSection(ProjectDependencies) = postProject
		{7ECAB76D-87B5-31DB-84C9-38626B9BF48A} = {7ECAB76D-87B5-31DB-84C9-38626B9BF48A}
	EndProjectSection
EndProject
Project("{8BC9CEB8-8B4A-11D0-8D11-00A0C91BC942}") = "ZERO_CHECK", "ZERO_CHECK.vcxproj", "{7ECAB76D-87B5-31DB-84C9-38626B9BF48A}"
	ProjectSection(ProjectDependencies) = postProject
	EndProjectSection
EndProject
Project("{8BC9CEB8-8B4A-11D0-8D11-00A0C91BC942}") = "cocos2d", "engine\cocos\core\cocos2d.vcxproj", "{6F30651D-82A8-3A27-AE86-2BFB0C577A8C}"
	ProjectSection(ProjectDependencies) = postProject
		{7ECAB76D-87B5-31DB-84C9-38626B9BF48A} = {7ECAB76D-87B5-31DB-84C9-38626B9BF48A}
		{6313A6A3-F51A-3BB2-AC34-B41A240A4DBF} = {6313A6A3-F51A-3BB2-AC34-B41A240A4DBF}
		{65DEC0D8-D4DD-3D23-8BD1-DC6DF2915698} = {65DEC0D8-D4DD-3D23-8BD1-DC6DF2915698}
		{EDB7F02D-BF89-388C-B031-153DA0135109} = {EDB7F02D-BF89-388C-B031-153DA0135109}
		{9EAC0028-0B74-3623-A17D-32B9977C7B08} = {9EAC0028-0B74-3623-A17D-32B9977C7B08}
		{3489E53D-7E59-3C65-9983-A47D17ABD105} = {3489E53D-7E59-3C65-9983-A47D17ABD105}
		{06A12CFE-FC4D-3C43-A4BD-D52CECDF3172} = {06A12CFE-FC4D-3C43-A4BD-D52CECDF3172}
		{3306B26B-1DA9-3AC1-AF5E-7029F86D8465} = {3306B26B-1DA9-3AC1-AF5E-7029F86D8465}
		{34117B98-48C2-38DB-B5A7-25BB15F75C84} = {34117B98-48C2-38DB-B5A7-25BB15F75C84}
		{367F20E5-34A5-34C2-B853-6F5EEDD32179} = {367F20E5-34A5-34C2-B853-6F5EEDD32179}
		{EA8EC042-7345-33A5-BB2C-3D9F93590BBF} = {EA8EC042-7345-33A5-BB2C-3D9F93590BBF}
		{FC21EE2A-CEB2-3971-95B9-1E3912EAEBFF} = {FC21EE2A-CEB2-3971-95B9-1E3912EAEBFF}
	EndProjectSection
EndProject
Project("{8BC9CEB8-8B4A-11D0-8D11-00A0C91BC942}") = "ext_clipper", "engine\external\clipper\ext_clipper.vcxproj", "{6313A6A3-F51A-3BB2-AC34-B41A240A4DBF}"
	ProjectSection(ProjectDependencies) = postProject
		{7ECAB76D-87B5-31DB-84C9-38626B9BF48A} = {7ECAB76D-87B5-31DB-84C9-38626B9BF48A}
	EndProjectSection
EndProject
Project("{8BC9CEB8-8B4A-11D0-8D11-00A0C91BC942}") = "ext_convertUTF", "engine\external\ConvertUTF\ext_convertUTF.vcxproj", "{65DEC0D8-D4DD-3D23-8BD1-DC6DF2915698}"
	ProjectSection(ProjectDependencies) = postProject
		{7ECAB76D-87B5-31DB-84C9-38626B9BF48A} = {7ECAB76D-87B5-31DB-84C9-38626B9BF48A}
	EndProjectSection
EndProject
Project("{8BC9CEB8-8B4A-11D0-8D11-00A0C91BC942}") = "ext_edtaa3func", "engine\external\edtaa3func\ext_edtaa3func.vcxproj", "{EDB7F02D-BF89-388C-B031-153DA0135109}"
	ProjectSection(ProjectDependencies) = postProject
		{7ECAB76D-87B5-31DB-84C9-38626B9BF48A} = {7ECAB76D-87B5-31DB-84C9-38626B9BF48A}
	EndProjectSection
EndProject
Project("{8BC9CEB8-8B4A-11D0-8D11-00A0C91BC942}") = "ext_md5", "engine\external\md5\ext_md5.vcxproj", "{9EAC0028-0B74-3623-A17D-32B9977C7B08}"
	ProjectSection(ProjectDependencies) = postProject
		{7ECAB76D-87B5-31DB-84C9-38626B9BF48A} = {7ECAB76D-87B5-31DB-84C9-38626B9BF48A}
	EndProjectSection
EndProject
Project("{8BC9CEB8-8B4A-11D0-8D11-00A0C91BC942}") = "ext_poly2tri", "engine\external\poly2tri\ext_poly2tri.vcxproj", "{3489E53D-7E59-3C65-9983-A47D17ABD105}"
	ProjectSection(ProjectDependencies) = postProject
		{7ECAB76D-87B5-31DB-84C9-38626B9BF48A} = {7ECAB76D-87B5-31DB-84C9-38626B9BF48A}
	EndProjectSection
EndProject
Project("{8BC9CEB8-8B4A-11D0-8D11-00A0C91BC942}") = "ext_recast", "engine\external\recast\ext_recast.vcxproj", "{06A12CFE-FC4D-3C43-A4BD-D52CECDF3172}"
	ProjectSection(ProjectDependencies) = postProject
		{7ECAB76D-87B5-31DB-84C9-38626B9BF48A} = {7ECAB76D-87B5-31DB-84C9-38626B9BF48A}
	EndProjectSection
EndProject
Project("{8BC9CEB8-8B4A-11D0-8D11-00A0C91BC942}") = "ext_tinyxml2", "engine\external\tinyxml2\ext_tinyxml2.vcxproj", "{3306B26B-1DA9-3AC1-AF5E-7029F86D8465}"
	ProjectSection(ProjectDependencies) = postProject
		{7ECAB76D-87B5-31DB-84C9-38626B9BF48A} = {7ECAB76D-87B5-31DB-84C9-38626B9BF48A}
	EndProjectSection
EndProject
Project("{8BC9CEB8-8B4A-11D0-8D11-00A0C91BC942}") = "ext_unzip", "engine\external\unzip\ext_unzip.vcxproj", "{34117B98-48C2-38DB-B5A7-25BB15F75C84}"
	ProjectSection(ProjectDependencies) = postProject
		{7ECAB76D-87B5-31DB-84C9-38626B9BF48A} = {7ECAB76D-87B5-31DB-84C9-38626B9BF48A}
	EndProjectSection
EndProject
Project("{8BC9CEB8-8B4A-11D0-8D11-00A0C91BC942}") = "ext_xxhash", "engine\external\xxhash\ext_xxhash.vcxproj", "{367F20E5-34A5-34C2-B853-6F5EEDD32179}"
	ProjectSection(ProjectDependencies) = postProject
		{7ECAB76D-87B5-31DB-84C9-38626B9BF48A} = {7ECAB76D-87B5-31DB-84C9-38626B9BF48A}
	EndProjectSection
EndProject
Project("{8BC9CEB8-8B4A-11D0-8D11-00A0C91BC942}") = "ext_xxtea", "engine\external\xxtea\ext_xxtea.vcxproj", "{EA8EC042-7345-33A5-BB2C-3D9F93590BBF}"
	ProjectSection(ProjectDependencies) = postProject
		{7ECAB76D-87B5-31DB-84C9-38626B9BF48A} = {7ECAB76D-87B5-31DB-84C9-38626B9BF48A}
	EndProjectSection
EndProject
Project("{8BC9CEB8-8B4A-11D0-8D11-00A0C91BC942}") = "external", "engine\external\external.vcxproj", "{FC21EE2A-CEB2-3971-95B9-1E3912EAEBFF}"
	ProjectSection(ProjectDependencies) = postProject
		{7ECAB76D-87B5-31DB-84C9-38626B9BF48A} = {7ECAB76D-87B5-31DB-84C9-38626B9BF48A}
		{6313A6A3-F51A-3BB2-AC34-B41A240A4DBF} = {6313A6A3-F51A-3BB2-AC34-B41A240A4DBF}
		{65DEC0D8-D4DD-3D23-8BD1-DC6DF2915698} = {65DEC0D8-D4DD-3D23-8BD1-DC6DF2915698}
		{EDB7F02D-BF89-388C-B031-153DA0135109} = {EDB7F02D-BF89-388C-B031-153DA0135109}
		{9EAC0028-0B74-3623-A17D-32B9977C7B08} = {9EAC0028-0B74-3623-A17D-32B9977C7B08}
		{3489E53D-7E59-3C65-9983-A47D17ABD105} = {3489E53D-7E59-3C65-9983-A47D17ABD105}
		{06A12CFE-FC4D-3C43-A4BD-D52CECDF3172} = {06A12CFE-FC4D-3C43-A4BD-D52CECDF3172}
		{3306B26B-1DA9-3AC1-AF5E-7029F86D8465} = {3306B26B-1DA9-3AC1-AF5E-7029F86D8465}
		{34117B98-48C2-38DB-B5A7-25BB15F75C84} = {34117B98-48C2-38DB-B5A7-25BB15F75C84}
		{367F20E5-34A5-34C2-B853-6F5EEDD32179} = {367F20E5-34A5-34C2-B853-6F5EEDD32179}
		{EA8EC042-7345-33A5-BB2C-3D9F93590BBF} = {EA8EC042-7345-33A5-BB2C-3D9F93590BBF}
	EndProjectSection
EndProject
Project("{8BC9CEB8-8B4A-11D0-8D11-00A0C91BC942}") = "flappyBirdProject", "flappyBirdProject.vcxproj", "{0AA3255B-C7C0-3D95-876D-55D323C0AE17}"
	ProjectSection(ProjectDependencies) = postProject
		{5B2B045B-3CD4-3A1E-93BE-0639F43E0D35} = {5B2B045B-3CD4-3A1E-93BE-0639F43E0D35}
		{7ECAB76D-87B5-31DB-84C9-38626B9BF48A} = {7ECAB76D-87B5-31DB-84C9-38626B9BF48A}
		{6F30651D-82A8-3A27-AE86-2BFB0C577A8C} = {6F30651D-82A8-3A27-AE86-2BFB0C577A8C}
		{6313A6A3-F51A-3BB2-AC34-B41A240A4DBF} = {6313A6A3-F51A-3BB2-AC34-B41A240A4DBF}
		{65DEC0D8-D4DD-3D23-8BD1-DC6DF2915698} = {65DEC0D8-D4DD-3D23-8BD1-DC6DF2915698}
		{EDB7F02D-BF89-388C-B031-153DA0135109} = {EDB7F02D-BF89-388C-B031-153DA0135109}
		{9EAC0028-0B74-3623-A17D-32B9977C7B08} = {9EAC0028-0B74-3623-A17D-32B9977C7B08}
		{3489E53D-7E59-3C65-9983-A47D17ABD105} = {3489E53D-7E59-3C65-9983-A47D17ABD105}
		{06A12CFE-FC4D-3C43-A4BD-D52CECDF3172} = {06A12CFE-FC4D-3C43-A4BD-D52CECDF3172}
		{3306B26B-1DA9-3AC1-AF5E-7029F86D8465} = {3306B26B-1DA9-3AC1-AF5E-7029F86D8465}
		{34117B98-48C2-38DB-B5A7-25BB15F75C84} = {34117B98-48C2-38DB-B5A7-25BB15F75C84}
		{367F20E5-34A5-34C2-B853-6F5EEDD32179} = {367F20E5-34A5-34C2-B853-6F5EEDD32179}
		{EA8EC042-7345-33A5-BB2C-3D9F93590BBF} = {EA8EC042-7345-33A5-BB2C-3D9F93590BBF}
		{FC21EE2A-CEB2-3971-95B9-1E3912EAEBFF} = {FC21EE2A-CEB2-3971-95B9-1E3912EAEBFF}
	EndProjectSection
EndProject
Global
	GlobalSection(SolutionConfigurationPlatforms) = preSolution
		Debug|Win32 = Debug|Win32
		Release|Win32 = Release|Win32
		MinSizeRel|Win32 = MinSizeRel|Win32
		RelWithDebInfo|Win32 = RelWithDebInfo|Win32
	EndGlobalSection
	GlobalSection(ProjectConfigurationPlatforms) = postSolution
		{F39F970C-ABEC-347B-886F-D8ABB7FD5A28}.Debug|Win32.ActiveCfg = Debug|Win32
		{F39F970C-ABEC-347B-886F-D8ABB7FD5A28}.Release|Win32.ActiveCfg = Release|Win32
		{F39F970C-ABEC-347B-886F-D8ABB7FD5A28}.MinSizeRel|Win32.ActiveCfg = MinSizeRel|Win32
		{F39F970C-ABEC-347B-886F-D8ABB7FD5A28}.RelWithDebInfo|Win32.ActiveCfg = RelWithDebInfo|Win32
		{5B2B045B-3CD4-3A1E-93BE-0639F43E0D35}.Debug|Win32.ActiveCfg = Debug|Win32
		{5B2B045B-3CD4-3A1E-93BE-0639F43E0D35}.Debug|Win32.Build.0 = Debug|Win32
		{5B2B045B-3CD4-3A1E-93BE-0639F43E0D35}.Release|Win32.ActiveCfg = Release|Win32
		{5B2B045B-3CD4-3A1E-93BE-0639F43E0D35}.Release|Win32.Build.0 = Release|Win32
		{5B2B045B-3CD4-3A1E-93BE-0639F43E0D35}.MinSizeRel|Win32.ActiveCfg = MinSizeRel|Win32
		{5B2B045B-3CD4-3A1E-93BE-0639F43E0D35}.MinSizeRel|Win32.Build.0 = MinSizeRel|Win32
		{5B2B045B-3CD4-3A1E-93BE-0639F43E0D35}.RelWithDebInfo|Win32.ActiveCfg = RelWithDebInfo|Win32
		{5B2B045B-3CD4-3A1E-93BE-0639F43E0D35}.RelWithDebInfo|Win32.Build.0 = RelWithDebInfo|Win32
		{7ECAB76D-87B5-31DB-84C9-38626B9BF48A}.Debug|Win32.ActiveCfg = Debug|Win32
		{7ECAB76D-87B5-31DB-84C9-38626B9BF48A}.Debug|Win32.Build.0 = Debug|Win32
		{7ECAB76D-87B5-31DB-84C9-38626B9BF48A}.Release|Win32.ActiveCfg = Release|Win32
		{7ECAB76D-87B5-31DB-84C9-38626B9BF48A}.Release|Win32.Build.0 = Release|Win32
		{7ECAB76D-87B5-31DB-84C9-38626B9BF48A}.MinSizeRel|Win32.ActiveCfg = MinSizeRel|Win32
		{7ECAB76D-87B5-31DB-84C9-38626B9BF48A}.MinSizeRel|Win32.Build.0 = MinSizeRel|Win32
		{7ECAB76D-87B5-31DB-84C9-38626B9BF48A}.RelWithDebInfo|Win32.ActiveCfg = RelWithDebInfo|Win32
		{7ECAB76D-87B5-31DB-84C9-38626B9BF48A}.RelWithDebInfo|Win32.Build.0 = RelWithDebInfo|Win32
		{6F30651D-82A8-3A27-AE86-2BFB0C577A8C}.Debug|Win32.ActiveCfg = Debug|Win32
		{6F30651D-82A8-3A27-AE86-2BFB0C577A8C}.Debug|Win32.Build.0 = Debug|Win32
		{6F30651D-82A8-3A27-AE86-2BFB0C577A8C}.Release|Win32.ActiveCfg = Release|Win32
		{6F30651D-82A8-3A27-AE86-2BFB0C577A8C}.Release|Win32.Build.0 = Release|Win32
		{6F30651D-82A8-3A27-AE86-2BFB0C577A8C}.MinSizeRel|Win32.ActiveCfg = MinSizeRel|Win32
		{6F30651D-82A8-3A27-AE86-2BFB0C577A8C}.MinSizeRel|Win32.Build.0 = MinSizeRel|Win32
		{6F30651D-82A8-3A27-AE86-2BFB0C577A8C}.RelWithDebInfo|Win32.ActiveCfg = RelWithDebInfo|Win32
		{6F30651D-82A8-3A27-AE86-2BFB0C577A8C}.RelWithDebInfo|Win32.Build.0 = RelWithDebInfo|Win32
		{6313A6A3-F51A-3BB2-AC34-B41A240A4DBF}.Debug|Win32.ActiveCfg = Debug|Win32
		{6313A6A3-F51A-3BB2-AC34-B41A240A4DBF}.Debug|Win32.Build.0 = Debug|Win32
		{6313A6A3-F51A-3BB2-AC34-B41A240A4DBF}.Release|Win32.ActiveCfg = Release|Win32
		{6313A6A3-F51A-3BB2-AC34-B41A240A4DBF}.Release|Win32.Build.0 = Release|Win32
		{6313A6A3-F51A-3BB2-AC34-B41A240A4DBF}.MinSizeRel|Win32.ActiveCfg = MinSizeRel|Win32
		{6313A6A3-F51A-3BB2-AC34-B41A240A4DBF}.MinSizeRel|Win32.Build.0 = MinSizeRel|Win32
		{6313A6A3-F51A-3BB2-AC34-B41A240A4DBF}.RelWithDebInfo|Win32.ActiveCfg = RelWithDebInfo|Win32
		{6313A6A3-F51A-3BB2-AC34-B41A240A4DBF}.RelWithDebInfo|Win32.Build.0 = RelWithDebInfo|Win32
		{65DEC0D8-D4DD-3D23-8BD1-DC6DF2915698}.Debug|Win32.ActiveCfg = Debug|Win32
		{65DEC0D8-D4DD-3D23-8BD1-DC6DF2915698}.Debug|Win32.Build.0 = Debug|Win32
		{65DEC0D8-D4DD-3D23-8BD1-DC6DF2915698}.Release|Win32.ActiveCfg = Release|Win32
		{65DEC0D8-D4DD-3D23-8BD1-DC6DF2915698}.Release|Win32.Build.0 = Release|Win32
		{65DEC0D8-D4DD-3D23-8BD1-DC6DF2915698}.MinSizeRel|Win32.ActiveCfg = MinSizeRel|Win32
		{65DEC0D8-D4DD-3D23-8BD1-DC6DF2915698}.MinSizeRel|Win32.Build.0 = MinSizeRel|Win32
		{65DEC0D8-D4DD-3D23-8BD1-DC6DF2915698}.RelWithDebInfo|Win32.ActiveCfg = RelWithDebInfo|Win32
		{65DEC0D8-D4DD-3D23-8BD1-DC6DF2915698}.RelWithDebInfo|Win32.Build.0 = RelWithDebInfo|Win32
		{EDB7F02D-BF89-388C-B031-153DA0135109}.Debug|Win32.ActiveCfg = Debug|Win32
		{EDB7F02D-BF89-388C-B031-153DA0135109}.Debug|Win32.Build.0 = Debug|Win32
		{EDB7F02D-BF89-388C-B031-153DA0135109}.Release|Win32.ActiveCfg = Release|Win32
		{EDB7F02D-BF89-388C-B031-153DA0135109}.Release|Win32.Build.0 = Release|Win32
		{EDB7F02D-BF89-388C-B031-153DA0135109}.MinSizeRel|Win32.ActiveCfg = MinSizeRel|Win32
		{EDB7F02D-BF89-388C-B031-153DA0135109}.MinSizeRel|Win32.Build.0 = MinSizeRel|Win32
		{EDB7F02D-BF89-388C-B031-153DA0135109}.RelWithDebInfo|Win32.ActiveCfg = RelWithDebInfo|Win32
		{EDB7F02D-BF89-388C-B031-153DA0135109}.RelWithDebInfo|Win32.Build.0 = RelWithDebInfo|Win32
		{9EAC0028-0B74-3623-A17D-32B9977C7B08}.Debug|Win32.ActiveCfg = Debug|Win32
		{9EAC0028-0B74-3623-A17D-32B9977C7B08}.Debug|Win32.Build.0 = Debug|Win32
		{9EAC0028-0B74-3623-A17D-32B9977C7B08}.Release|Win32.ActiveCfg = Release|Win32
		{9EAC0028-0B74-3623-A17D-32B9977C7B08}.Release|Win32.Build.0 = Release|Win32
		{9EAC0028-0B74-3623-A17D-32B9977C7B08}.MinSizeRel|Win32.ActiveCfg = MinSizeRel|Win32
		{9EAC0028-0B74-3623-A17D-32B9977C7B08}.MinSizeRel|Win32.Build.0 = MinSizeRel|Win32
		{9EAC0028-0B74-3623-A17D-32B9977C7B08}.RelWithDebInfo|Win32.ActiveCfg = RelWithDebInfo|Win32
		{9EAC0028-0B74-3623-A17D-32B9977C7B08}.RelWithDebInfo|Win32.Build.0 = RelWithDebInfo|Win32
		{3489E53D-7E59-3C65-9983-A47D17ABD105}.Debug|Win32.ActiveCfg = Debug|Win32
		{3489E53D-7E59-3C65-9983-A47D17ABD105}.Debug|Win32.Build.0 = Debug|Win32
		{3489E53D-7E59-3C65-9983-A47D17ABD105}.Release|Win32.ActiveCfg = Release|Win32
		{3489E53D-7E59-3C65-9983-A47D17ABD105}.Release|Win32.Build.0 = Release|Win32
		{3489E53D-7E59-3C65-9983-A47D17ABD105}.MinSizeRel|Win32.ActiveCfg = MinSizeRel|Win32
		{3489E53D-7E59-3C65-9983-A47D17ABD105}.MinSizeRel|Win32.Build.0 = MinSizeRel|Win32
		{3489E53D-7E59-3C65-9983-A47D17ABD105}.RelWithDebInfo|Win32.ActiveCfg = RelWithDebInfo|Win32
		{3489E53D-7E59-3C65-9983-A47D17ABD105}.RelWithDebInfo|Win32.Build.0 = RelWithDebInfo|Win32
		{06A12CFE-FC4D-3C43-A4BD-D52CECDF3172}.Debug|Win32.ActiveCfg = Debug|Win32
		{06A12CFE-FC4D-3C43-A4BD-D52CECDF3172}.Debug|Win32.Build.0 = Debug|Win32
		{06A12CFE-FC4D-3C43-A4BD-D52CECDF3172}.Release|Win32.ActiveCfg = Release|Win32
		{06A12CFE-FC4D-3C43-A4BD-D52CECDF3172}.Release|Win32.Build.0 = Release|Win32
		{06A12CFE-FC4D-3C43-A4BD-D52CECDF3172}.MinSizeRel|Win32.ActiveCfg = MinSizeRel|Win32
		{06A12CFE-FC4D-3C43-A4BD-D52CECDF3172}.MinSizeRel|Win32.Build.0 = MinSizeRel|Win32
		{06A12CFE-FC4D-3C43-A4BD-D52CECDF3172}.RelWithDebInfo|Win32.ActiveCfg = RelWithDebInfo|Win32
		{06A12CFE-FC4D-3C43-A4BD-D52CECDF3172}.RelWithDebInfo|Win32.Build.0 = RelWithDebInfo|Win32
		{3306B26B-1DA9-3AC1-AF5E-7029F86D8465}.Debug|Win32.ActiveCfg = Debug|Win32
		{3306B26B-1DA9-3AC1-AF5E-7029F86D8465}.Debug|Win32.Build.0 = Debug|Win32
		{3306B26B-1DA9-3AC1-AF5E-7029F86D8465}.Release|Win32.ActiveCfg = Release|Win32
		{3306B26B-1DA9-3AC1-AF5E-7029F86D8465}.Release|Win32.Build.0 = Release|Win32
		{3306B26B-1DA9-3AC1-AF5E-7029F86D8465}.MinSizeRel|Win32.ActiveCfg = MinSizeRel|Win32
		{3306B26B-1DA9-3AC1-AF5E-7029F86D8465}.MinSizeRel|Win32.Build.0 = MinSizeRel|Win32
		{3306B26B-1DA9-3AC1-AF5E-7029F86D8465}.RelWithDebInfo|Win32.ActiveCfg = RelWithDebInfo|Win32
		{3306B26B-1DA9-3AC1-AF5E-7029F86D8465}.RelWithDebInfo|Win32.Build.0 = RelWithDebInfo|Win32
		{34117B98-48C2-38DB-B5A7-25BB15F75C84}.Debug|Win32.ActiveCfg = Debug|Win32
		{34117B98-48C2-38DB-B5A7-25BB15F75C84}.Debug|Win32.Build.0 = Debug|Win32
		{34117B98-48C2-38DB-B5A7-25BB15F75C84}.Release|Win32.ActiveCfg = Release|Win32
		{34117B98-48C2-38DB-B5A7-25BB15F75C84}.Release|Win32.Build.0 = Release|Win32
		{34117B98-48C2-38DB-B5A7-25BB15F75C84}.MinSizeRel|Win32.ActiveCfg = MinSizeRel|Win32
		{34117B98-48C2-38DB-B5A7-25BB15F75C84}.MinSizeRel|Win32.Build.0 = MinSizeRel|Win32
		{34117B98-48C2-38DB-B5A7-25BB15F75C84}.RelWithDebInfo|Win32.ActiveCfg = RelWithDebInfo|Win32
		{34117B98-48C2-38DB-B5A7-25BB15F75C84}.RelWithDebInfo|Win32.Build.0 = RelWithDebInfo|Win32
		{367F20E5-34A5-34C2-B853-6F5EEDD32179}.Debug|Win32.ActiveCfg = Debug|Win32
		{367F20E5-34A5-34C2-B853-6F5EEDD32179}.Debug|Win32.Build.0 = Debug|Win32
		{367F20E5-34A5-34C2-B853-6F5EEDD32179}.Release|Win32.ActiveCfg = Release|Win32
		{367F20E5-34A5-34C2-B853-6F5EEDD32179}.Release|Win32.Build.0 = Release|Win32
		{367F20E5-34A5-34C2-B853-6F5EEDD32179}.MinSizeRel|Win32.ActiveCfg = MinSizeRel|Win32
		{367F20E5-34A5-34C2-B853-6F5EEDD32179}.MinSizeRel|Win32.Build.0 = MinSizeRel|Win32
		{367F20E5-34A5-34C2-B853-6F5EEDD32179}.RelWithDebInfo|Win32.ActiveCfg = RelWithDebInfo|Win32
		{367F20E5-34A5-34C2-B853-6F5EEDD32179}.RelWithDebInfo|Win32.Build.0 = RelWithDebInfo|Win32
		{EA8EC042-7345-33A5-BB2C-3D9F93590BBF}.Debug|Win32.ActiveCfg = Debug|Win32
		{EA8EC042-7345-33A5-BB2C-3D9F93590BBF}.Debug|Win32.Build.0 = Debug|Win32
		{EA8EC042-7345-33A5-BB2C-3D9F93590BBF}.Release|Win32.ActiveCfg = Release|Win32
		{EA8EC042-7345-33A5-BB2C-3D9F93590BBF}.Release|Win32.Build.0 = Release|Win32
		{EA8EC042-7345-33A5-BB2C-3D9F93590BBF}.MinSizeRel|Win32.ActiveCfg = MinSizeRel|Win32
		{EA8EC042-7345-33A5-BB2C-3D9F93590BBF}.MinSizeRel|Win32.Build.0 = MinSizeRel|Win32
		{EA8EC042-7345-33A5-BB2C-3D9F93590BBF}.RelWithDebInfo|Win32.ActiveCfg = RelWithDebInfo|Win32
		{EA8EC042-7345-33A5-BB2C-3D9F93590BBF}.RelWithDebInfo|Win32.Build.0 = RelWithDebInfo|Win32
		{FC21EE2A-CEB2-3971-95B9-1E3912EAEBFF}.Debug|Win32.ActiveCfg = Debug|Win32
		{FC21EE2A-CEB2-3971-95B9-1E3912EAEBFF}.Debug|Win32.Build.0 = Debug|Win32
		{FC21EE2A-CEB2-3971-95B9-1E3912EAEBFF}.Release|Win32.ActiveCfg = Release|Win32
		{FC21EE2A-CEB2-3971-95B9-1E3912EAEBFF}.Release|Win32.Build.0 = Release|Win32
		{FC21EE2A-CEB2-3971-95B9-1E3912EAEBFF}.MinSizeRel|Win32.ActiveCfg = MinSizeRel|Win32
		{FC21EE2A-CEB2-3971-95B9-1E3912EAEBFF}.MinSizeRel|Win32.Build.0 = MinSizeRel|Win32
		{FC21EE2A-CEB2-3971-95B9-1E3912EAEBFF}.RelWithDebInfo|Win32.ActiveCfg = RelWithDebInfo|Win32
		{FC21EE2A-CEB2-3971-95B9-1E3912EAEBFF}.RelWithDebInfo|Win32.Build.0 = RelWithDebInfo|Win32
		{0AA3255B-C7C0-3D95-876D-55D323C0AE17}.Debug|Win32.ActiveCfg = Debug|Win32
		{0AA3255B-C7C0-3D95-876D-55D323C0AE17}.Debug|Win32.Build.0 = Debug|Win32
		{0AA3255B-C7C0-3D95-876D-55D323C0AE17}.Release|Win32.ActiveCfg = Release|Win32
		{0AA3255B-C7C0-3D95-876D-55D323C0AE17}.Release|Win32.Build.0 = Release|Win32
		{0AA3255B-C7C0-3D95-876D-55D323C0AE17}.MinSizeRel|Win32.ActiveCfg = MinSizeRel|Win32
		{0AA3255B-C7C0-3D95-876D-55D323C0AE17}.MinSizeRel|Win32.Build.0 = MinSizeRel|Win32
		{0AA3255B-C7C0-3D95-876D-55D323C0AE17}.RelWithDebInfo|Win32.ActiveCfg = RelWithDebInfo|Win32
		{0AA3255B-C7C0-3D95-876D-55D323C0AE17}.RelWithDebInfo|Win32.Build.0 = RelWithDebInfo|Win32
	EndGlobalSection
	GlobalSection(NestedProjects) = preSolution
		{F39F970C-ABEC-347B-886F-D8ABB7FD5A28} = {10BB4884-B27D-396F-B3C3-CCAAF84FA2B7}
		{7ECAB76D-87B5-31DB-84C9-38626B9BF48A} = {10BB4884-B27D-396F-B3C3-CCAAF84FA2B7}
		{6313A6A3-F51A-3BB2-AC34-B41A240A4DBF} = {67715F21-B063-322F-81BB-1D0DA3F1BEBA}
		{65DEC0D8-D4DD-3D23-8BD1-DC6DF2915698} = {67715F21-B063-322F-81BB-1D0DA3F1BEBA}
		{EDB7F02D-BF89-388C-B031-153DA0135109} = {67715F21-B063-322F-81BB-1D0DA3F1BEBA}
		{9EAC0028-0B74-3623-A17D-32B9977C7B08} = {67715F21-B063-322F-81BB-1D0DA3F1BEBA}
		{3489E53D-7E59-3C65-9983-A47D17ABD105} = {67715F21-B063-322F-81BB-1D0DA3F1BEBA}
		{06A12CFE-FC4D-3C43-A4BD-D52CECDF3172} = {67715F21-B063-322F-81BB-1D0DA3F1BEBA}
		{3306B26B-1DA9-3AC1-AF5E-7029F86D8465} = {67715F21-B063-322F-81BB-1D0DA3F1BEBA}
		{34117B98-48C2-38DB-B5A7-25BB15F75C84} = {67715F21-B063-322F-81BB-1D0DA3F1BEBA}
		{367F20E5-34A5-34C2-B853-6F5EEDD32179} = {67715F21-B063-322F-81BB-1D0DA3F1BEBA}
		{EA8EC042-7345-33A5-BB2C-3D9F93590BBF} = {67715F21-B063-322F-81BB-1D0DA3F1BEBA}
		{FC21EE2A-CEB2-3971-95B9-1E3912EAEBFF} = {67715F21-B063-322F-81BB-1D0DA3F1BEBA}
		{6F30651D-82A8-3A27-AE86-2BFB0C577A8C} = {8265172E-4D6B-3B94-A216-CDEFDE68E451}
		{5B2B045B-3CD4-3A1E-93BE-0639F43E0D35} = {3639FA2D-AEFE-347E-9C31-45EC8E289B92}
	EndGlobalSection
	GlobalSection(ExtensibilityGlobals) = postSolution
		SolutionGuid = {4934EA98-D0A3-3DBF-9B4B-C078985B66B2}
	EndGlobalSection
	GlobalSection(ExtensibilityAddIns) = postSolution
	EndGlobalSection
EndGlobal
